
Microsoft Visual Studio Solution File, Format Version 12.00
# Visual Studio Version 17
VisualStudioVersion = 17.5.002.0
MinimumVisualStudioVersion = 10.0.40219.1
Project("{2150E333-8FDC-42A3-9474-1A3956D46DE8}") = "lesson001", "lesson001", "{87667F61-3625-498E-A57A-C3EA0B6949BD}"
EndProject
Project("{9A19103F-16F7-4668-BE54-9A1E7A4F7556}") = "task01", "lesson001\task01\task01.csproj", "{F0AC991D-3DAC-4595-83B2-ED164ADF4284}"
EndProject
Global
	GlobalSection(SolutionConfigurationPlatforms) = preSolution
		Debug|Any CPU = Debug|Any CPU
		Release|Any CPU = Release|Any CPU
	EndGlobalSection
	GlobalSection(ProjectConfigurationPlatforms) = postSolution
		{F0AC991D-3DAC-4595-83B2-ED164ADF4284}.Debug|Any CPU.ActiveCfg = Debug|Any CPU
		{F0AC991D-3DAC-4595-83B2-ED164ADF4284}.Debug|Any CPU.Build.0 = Debug|Any CPU
		{F0AC991D-3DAC-4595-83B2-ED164ADF4284}.Release|Any CPU.ActiveCfg = Release|Any CPU
		{F0AC991D-3DAC-4595-83B2-ED164ADF4284}.Release|Any CPU.Build.0 = Release|Any CPU
	EndGlobalSection
	GlobalSection(SolutionProperties) = preSolution
		HideSolutionNode = FALSE
	EndGlobalSection
	GlobalSection(NestedProjects) = preSolution
		{F0AC991D-3DAC-4595-83B2-ED164ADF4284} = {87667F61-3625-498E-A57A-C3EA0B6949BD}
	EndGlobalSection
	GlobalSection(ExtensibilityGlobals) = postSolution
		SolutionGuid = {52864A43-E0F7-4013-8D74-C8CEA3CF90DC}
	EndGlobalSection
EndGlobal
